// !$*UTF8*$!
{
	archiveVersion = 1;
	classes = {
	};
	objectVersion = 46;
	objects = {

/* Begin PBXBuildFile section */
		847568DA1BB427EB00DB9D5E /* main.m in Sources */ = {isa = PBXBuildFile; fileRef = 847568D91BB427EB00DB9D5E /* main.m */; };
		847568DD1BB427EB00DB9D5E /* AppDelegate.m in Sources */ = {isa = PBXBuildFile; fileRef = 847568DC1BB427EB00DB9D5E /* AppDelegate.m */; };
		847568E01BB427EB00DB9D5E /* ViewController.m in Sources */ = {isa = PBXBuildFile; fileRef = 847568DF1BB427EB00DB9D5E /* ViewController.m */; };
		847568E31BB427EB00DB9D5E /* Main.storyboard in Resources */ = {isa = PBXBuildFile; fileRef = 847568E11BB427EB00DB9D5E /* Main.storyboard */; };
		847568E51BB427EB00DB9D5E /* Images.xcassets in Resources */ = {isa = PBXBuildFile; fileRef = 847568E41BB427EB00DB9D5E /* Images.xcassets */; };
		847568E81BB427EB00DB9D5E /* LaunchScreen.xib in Resources */ = {isa = PBXBuildFile; fileRef = 847568E61BB427EB00DB9D5E /* LaunchScreen.xib */; };
		847568F41BB427EB00DB9D5E /* ___tableViewTests.m in Sources */ = {isa = PBXBuildFile; fileRef = 847568F31BB427EB00DB9D5E /* ___tableViewTests.m */; };
		847568FE1BB42E3100DB9D5E /* bg_night_rain.jpg in Resources */ = {isa = PBXBuildFile; fileRef = 847568FD1BB42E3100DB9D5E /* bg_night_rain.jpg */; };
/* End PBXBuildFile section */

/* Begin PBXContainerItemProxy section */
		847568EE1BB427EB00DB9D5E /* PBXContainerItemProxy */ = {
			isa = PBXContainerItemProxy;
			containerPortal = 847568CC1BB427EB00DB9D5E /* Project object */;
			proxyType = 1;
			remoteGlobalIDString = 847568D31BB427EB00DB9D5E;
			remoteInfo = "透明的tableView";
		};
/* End PBXContainerItemProxy section */

/* Begin PBXFileReference section */
		847568D41BB427EB00DB9D5E /* 透明的tableView.app */ = {isa = PBXFileReference; explicitFileType = wrapper.application; includeInIndex = 0; path = "透明的tableView.app"; sourceTree = BUILT_PRODUCTS_DIR; };
		847568D81BB427EB00DB9D5E /* Info.plist */ = {isa = PBXFileReference; lastKnownFileType = text.plist.xml; path = Info.plist; sourceTree = "<group>"; };
		847568D91BB427EB00DB9D5E /* main.m */ = {isa = PBXFileReference; lastKnownFileType = sourcecode.c.objc; path = main.m; sourceTree = "<group>"; };
		847568DB1BB427EB00DB9D5E /* AppDelegate.h */ = {isa = PBXFileReference; lastKnownFileType = sourcecode.c.h; path = AppDelegate.h; sourceTree = "<group>"; };
		847568DC1BB427EB00DB9D5E /* AppDelegate.m */ = {isa = PBXFileReference; lastKnownFileType = sourcecode.c.objc; path = AppDelegate.m; sourceTree = "<group>"; };
		847568DE1BB427EB00DB9D5E /* ViewController.h */ = {isa = PBXFileReference; lastKnownFileType = sourcecode.c.h; path = ViewController.h; sourceTree = "<group>"; };
		847568DF1BB427EB00DB9D5E /* ViewController.m */ = {isa = PBXFileReference; lastKnownFileType = sourcecode.c.objc; path = ViewController.m; sourceTree = "<group>"; };
		847568E21BB427EB00DB9D5E /* Base */ = {isa = PBXFileReference; lastKnownFileType = file.storyboard; name = Base; path = Base.lproj/Main.storyboard; sourceTree = "<group>"; };
		847568E41BB427EB00DB9D5E /* Images.xcassets */ = {isa = PBXFileReference; lastKnownFileType = folder.assetcatalog; path = Images.xcassets; sourceTree = "<group>"; };
		847568E71BB427EB00DB9D5E /* Base */ = {isa = PBXFileReference; lastKnownFileType = file.xib; name = Base; path = Base.lproj/LaunchScreen.xib; sourceTree = "<group>"; };
		847568ED1BB427EB00DB9D5E /* 透明的tableViewTests.xctest */ = {isa = PBXFileReference; explicitFileType = wrapper.cfbundle; includeInIndex = 0; path = "透明的tableViewTests.xctest"; sourceTree = BUILT_PRODUCTS_DIR; };
		847568F21BB427EB00DB9D5E /* Info.plist */ = {isa = PBXFileReference; lastKnownFileType = text.plist.xml; path = Info.plist; sourceTree = "<group>"; };
		847568F31BB427EB00DB9D5E /* ___tableViewTests.m */ = {isa = PBXFileReference; lastKnownFileType = sourcecode.c.objc; path = "___tableViewTests.m"; sourceTree = "<group>"; };
		847568FD1BB42E3100DB9D5E /* bg_night_rain.jpg */ = {isa = PBXFileReference; lastKnownFileType = image.jpeg; path = bg_night_rain.jpg; sourceTree = "<group>"; };
/* End PBXFileReference section */

/* Begin PBXFrameworksBuildPhase section */
		847568D11BB427EB00DB9D5E /* Frameworks */ = {
			isa = PBXFrameworksBuildPhase;
			buildActionMask = 2147483647;
			files = (
			);
			runOnlyForDeploymentPostprocessing = 0;
		};
		847568EA1BB427EB00DB9D5E /* Frameworks */ = {
			isa = PBXFrameworksBuildPhase;
			buildActionMask = 2147483647;
			files = (
			);
			runOnlyForDeploymentPostprocessing = 0;
		};
/* End PBXFrameworksBuildPhase section */

/* Begin PBXGroup section */
		847568CB1BB427EB00DB9D5E = {
			isa = PBXGroup;
			children = (
				847568D61BB427EB00DB9D5E /* 透明的tableView */,
				847568F01BB427EB00DB9D5E /* 透明的tableViewTests */,
				847568D51BB427EB00DB9D5E /* Products */,
			);
			sourceTree = "<group>";
		};
		847568D51BB427EB00DB9D5E /* Products */ = {
			isa = PBXGroup;
			children = (
				847568D41BB427EB00DB9D5E /* 透明的tableView.app */,
				847568ED1BB427EB00DB9D5E /* 透明的tableViewTests.xctest */,
			);
			name = Products;
			sourceTree = "<group>";
		};
		847568D61BB427EB00DB9D5E /* 透明的tableView */ = {
			isa = PBXGroup;
			children = (
				847568FD1BB42E3100DB9D5E /* bg_night_rain.jpg */,
				847568DB1BB427EB00DB9D5E /* AppDelegate.h */,
				847568DC1BB427EB00DB9D5E /* AppDelegate.m */,
				847568DE1BB427EB00DB9D5E /* ViewController.h */,
				847568DF1BB427EB00DB9D5E /* ViewController.m */,
				847568E11BB427EB00DB9D5E /* Main.storyboard */,
				847568E41BB427EB00DB9D5E /* Images.xcassets */,
				847568E61BB427EB00DB9D5E /* LaunchScreen.xib */,
				847568D71BB427EB00DB9D5E /* Supporting Files */,
			);
			path = "透明的tableView";
			sourceTree = "<group>";
		};
		847568D71BB427EB00DB9D5E /* Supporting Files */ = {
			isa = PBXGroup;
			children = (
				847568D81BB427EB00DB9D5E /* Info.plist */,
				847568D91BB427EB00DB9D5E /* main.m */,
			);
			name = "Supporting Files";
			sourceTree = "<group>";
		};
		847568F01BB427EB00DB9D5E /* 透明的tableViewTests */ = {
			isa = PBXGroup;
			children = (
				847568F31BB427EB00DB9D5E /* ___tableViewTests.m */,
				847568F11BB427EB00DB9D5E /* Supporting Files */,
			);
			path = "透明的tableViewTests";
			sourceTree = "<group>";
		};
		847568F11BB427EB00DB9D5E /* Supporting Files */ = {
			isa = PBXGroup;
			children = (
				847568F21BB427EB00DB9D5E /* Info.plist */,
			);
			name = "Supporting Files";
			sourceTree = "<group>";
		};
/* End PBXGroup section */

/* Begin PBXNativeTarget section */
		847568D31BB427EB00DB9D5E /* 透明的tableView */ = {
			isa = PBXNativeTarget;
			buildConfigurationList = 847568F71BB427EB00DB9D5E /* Build configuration list for PBXNativeTarget "透明的tableView" */;
			buildPhases = (
				847568D01BB427EB00DB9D5E /* Sources */,
				847568D11BB427EB00DB9D5E /* Frameworks */,
				847568D21BB427EB00DB9D5E /* Resources */,
			);
			buildRules = (
			);
			dependencies = (
			);
			name = "透明的tableView";
			productName = "透明的tableView";
			productReference = 847568D41BB427EB00DB9D5E /* 透明的tableView.app */;
			productType = "com.apple.product-type.application";
		};
		847568EC1BB427EB00DB9D5E /* 透明的tableViewTests */ = {
			isa = PBXNativeTarget;
			buildConfigurationList = 847568FA1BB427EB00DB9D5E /* Build configuration list for PBXNativeTarget "透明的tableViewTests" */;
			buildPhases = (
				847568E91BB427EB00DB9D5E /* Sources */,
				847568EA1BB427EB00DB9D5E /* Frameworks */,
				847568EB1BB427EB00DB9D5E /* Resources */,
			);
			buildRules = (
			);
			dependencies = (
				847568EF1BB427EB00DB9D5E /* PBXTargetDependency */,
			);
			name = "透明的tableViewTests";
			productName = "透明的tableViewTests";
			productReference = 847568ED1BB427EB00DB9D5E /* 透明的tableViewTests.xctest */;
			productType = "com.apple.product-type.bundle.unit-test";
		};
/* End PBXNativeTarget section */

/* Begin PBXProject section */
		847568CC1BB427EB00DB9D5E /* Project object */ = {
			isa = PBXProject;
			attributes = {
				LastUpgradeCheck = 0630;
				ORGANIZATIONNAME = taitanxiami;
				TargetAttributes = {
					847568D31BB427EB00DB9D5E = {
						CreatedOnToolsVersion = 6.3.2;
					};
					847568EC1BB427EB00DB9D5E = {
						CreatedOnToolsVersion = 6.3.2;
						TestTargetID = 847568D31BB427EB00DB9D5E;
					};
				};
			};
			buildConfigurationList = 847568CF1BB427EB00DB9D5E /* Build configuration list for PBXProject "透明的tableView" */;
			compatibilityVersion = "Xcode 3.2";
			developmentRegion = English;
			hasScannedForEncodings = 0;
			knownRegions = (
				en,
				Base,
			);
			mainGroup = 847568CB1BB427EB00DB9D5E;
			productRefGroup = 847568D51BB427EB00DB9D5E /* Products */;
			projectDirPath = "";
			projectRoot = "";
			targets = (
				847568D31BB427EB00DB9D5E /* 透明的tableView */,
				847568EC1BB427EB00DB9D5E /* 透明的tableViewTests */,
			);
		};
/* End PBXProject section */

/* Begin PBXResourcesBuildPhase section */
		847568D21BB427EB00DB9D5E /* Resources */ = {
			isa = PBXResourcesBuildPhase;
			buildActionMask = 2147483647;
			files = (
				847568E31BB427EB00DB9D5E /* Main.storyboard in Resources */,
				847568E81BB427EB00DB9D5E /* LaunchScreen.xib in Resources */,
				847568E51BB427EB00DB9D5E /* Images.xcassets in Resources */,
				847568FE1BB42E3100DB9D5E /* bg_night_rain.jpg in Resources */,
			);
			runOnlyForDeploymentPostprocessing = 0;
		};
		847568EB1BB427EB00DB9D5E /* Resources */ = {
			isa = PBXResourcesBuildPhase;
			buildActionMask = 2147483647;
			files = (
			);
			runOnlyForDeploymentPostprocessing = 0;
		};
/* End PBXResourcesBuildPhase section */

/* Begin PBXSourcesBuildPhase section */
		847568D01BB427EB00DB9D5E /* Sources */ = {
			isa = PBXSourcesBuildPhase;
			buildActionMask = 2147483647;
			files = (
				847568E01BB427EB00DB9D5E /* ViewController.m in Sources */,
				847568DD1BB427EB00DB9D5E /* AppDelegate.m in Sources */,
				847568DA1BB427EB00DB9D5E /* main.m in Sources */,
			);
			runOnlyForDeploymentPostprocessing = 0;
		};
		847568E91BB427EB00DB9D5E /* Sources */ = {
			isa = PBXSourcesBuildPhase;
			buildActionMask = 2147483647;
			files = (
				847568F41BB427EB00DB9D5E /* ___tableViewTests.m in Sources */,
			);
			runOnlyForDeploymentPostprocessing = 0;
		};
/* End PBXSourcesBuildPhase section */

/* Begin PBXTargetDependency section */
		847568EF1BB427EB00DB9D5E /* PBXTargetDependency */ = {
			isa = PBXTargetDependency;
			target = 847568D31BB427EB00DB9D5E /* 透明的tableView */;
			targetProxy = 847568EE1BB427EB00DB9D5E /* PBXContainerItemProxy */;
		};
/* End PBXTargetDependency section */

/* Begin PBXVariantGroup section */
		847568E11BB427EB00DB9D5E /* Main.storyboard */ = {
			isa = PBXVariantGroup;
			children = (
				847568E21BB427EB00DB9D5E /* Base */,
			);
			name = Main.storyboard;
			sourceTree = "<group>";
		};
		847568E61BB427EB00DB9D5E /* LaunchScreen.xib */ = {
			isa = PBXVariantGroup;
			children = (
				847568E71BB427EB00DB9D5E /* Base */,
			);
			name = LaunchScreen.xib;
			sourceTree = "<group>";
		};
/* End PBXVariantGroup section */

/* Begin XCBuildConfiguration section */
		847568F51BB427EB00DB9D5E /* Debug */ = {
			isa = XCBuildConfiguration;
			buildSettings = {
				ALWAYS_SEARCH_USER_PATHS = NO;
				CLANG_CXX_LANGUAGE_STANDARD = "gnu++0x";
				CLANG_CXX_LIBRARY = "libc++";
				CLANG_ENABLE_MODULES = YES;
				CLANG_ENABLE_OBJC_ARC = YES;
				CLANG_WARN_BOOL_CONVERSION = YES;
				CLANG_WARN_CONSTANT_CONVERSION = YES;
				CLANG_WARN_DIRECT_OBJC_ISA_USAGE = YES_ERROR;
				CLANG_WARN_EMPTY_BODY = YES;
				CLANG_WARN_ENUM_CONVERSION = YES;
				CLANG_WARN_INT_CONVERSION = YES;
				CLANG_WARN_OBJC_ROOT_CLASS = YES_ERROR;
				CLANG_WARN_UNREACHABLE_CODE = YES;
				CLANG_WARN__DUPLICATE_METHOD_MATCH = YES;
				"CODE_SIGN_IDENTITY[sdk=iphoneos*]" = "iPhone Developer";
				COPY_PHASE_STRIP = NO;
				DEBUG_INFORMATION_FORMAT = "dwarf-with-dsym";
				ENABLE_STRICT_OBJC_MSGSEND = YES;
				GCC_C_LANGUAGE_STANDARD = gnu99;
				GCC_DYNAMIC_NO_PIC = NO;
				GCC_NO_COMMON_BLOCKS = YES;
				GCC_OPTIMIZATION_LEVEL = 0;
				GCC_PREPROCESSOR_DEFINITIONS = (
					"DEBUG=1",
					"$(inherited)",
				);
				GCC_SYMBOLS_PRIVATE_EXTERN = NO;
				GCC_WARN_64_TO_32_BIT_CONVERSION = YES;
				GCC_WARN_ABOUT_RETURN_TYPE = YES_ERROR;
				GCC_WARN_UNDECLARED_SELECTOR = YES;
				GCC_WARN_UNINITIALIZED_AUTOS = YES_AGGRESSIVE;
				GCC_WARN_UNUSED_FUNCTION = YES;
				GCC_WARN_UNUSED_VARIABLE = YES;
				IPHONEOS_DEPLOYMENT_TARGET = 8.3;
				MTL_ENABLE_DEBUG_INFO = YES;
				ONLY_ACTIVE_ARCH = YES;
				SDKROOT = iphoneos;
				TARGETED_DEVICE_FAMILY = "1,2";
			};
			name = Debug;
		};
		847568F61BB427EB00DB9D5E /* Release */ = {
			isa = XCBuildConfiguration;
			buildSettings = {
				ALWAYS_SEARCH_USER_PATHS = NO;
				CLANG_CXX_LANGUAGE_STANDARD = "gnu++0x";
				CLANG_CXX_LIBRARY = "libc++";
				CLANG_ENABLE_MODULES = YES;
				CLANG_ENABLE_OBJC_ARC = YES;
				CLANG_WARN_BOOL_CONVERSION = YES;
				CLANG_WARN_CONSTANT_CONVERSION = YES;
				CLANG_WARN_DIRECT_OBJC_ISA_USAGE = YES_ERROR;
				CLANG_WARN_EMPTY_BODY = YES;
				CLANG_WARN_ENUM_CONVERSION = YES;
				CLANG_WARN_INT_CONVERSION = YES;
				CLANG_WARN_OBJC_ROOT_CLASS = YES_ERROR;
				CLANG_WARN_UNREACHABLE_CODE = YES;
				CLANG_WARN__DUPLICATE_METHOD_MATCH = YES;
				"CODE_SIGN_IDENTITY[sdk=iphoneos*]" = "iPhone Developer";
				COPY_PHASE_STRIP = NO;
				DEBUG_INFORMATION_FORMAT = "dwarf-with-dsym";
				ENABLE_NS_ASSERTIONS = NO;
				ENABLE_STRICT_OBJC_MSGSEND = YES;
				GCC_C_LANGUAGE_STANDARD = gnu99;
				GCC_NO_COMMON_BLOCKS = YES;
				GCC_WARN_64_TO_32_BIT_CONVERSION = YES;
				GCC_WARN_ABOUT_RETURN_TYPE = YES_ERROR;
				GCC_WARN_UNDECLARED_SELECTOR = YES;
				GCC_WARN_UNINITIALIZED_AUTOS = YES_AGGRESSIVE;
				GCC_WARN_UNUSED_FUNCTION = YES;
				GCC_WARN_UNUSED_VARIABLE = YES;
				IPHONEOS_DEPLOYMENT_TARGET = 8.3;
				MTL_ENABLE_DEBUG_INFO = NO;
				SDKROOT = iphoneos;
				TARGETED_DEVICE_FAMILY = "1,2";
				VALIDATE_PRODUCT = YES;
			};
			name = Release;
		};
		847568F81BB427EB00DB9D5E /* Debug */ = {
			isa = XCBuildConfiguration;
			buildSettings = {
				ASSETCATALOG_COMPILER_APPICON_NAME = AppIcon;
				INFOPLIST_FILE = "透明的tableView/Info.plist";
				LD_RUNPATH_SEARCH_PATHS = "$(inherited) @executable_path/Frameworks";
				PRODUCT_NAME = "$(TARGET_NAME)";
			};
			name = Debug;
		};
		847568F91BB427EB00DB9D5E /* Release */ = {
			isa = XCBuildConfiguration;
			buildSettings = {
				ASSETCATALOG_COMPILER_APPICON_NAME = AppIcon;
				INFOPLIST_FILE = "透明的tableView/Info.plist";
				LD_RUNPATH_SEARCH_PATHS = "$(inherited) @executable_path/Frameworks";
				PRODUCT_NAME = "$(TARGET_NAME)";
			};
			name = Release;
		};
		847568FB1BB427EB00DB9D5E /* Debug */ = {
			isa = XCBuildConfiguration;
			buildSettings = {
				BUNDLE_LOADER = "$(TEST_HOST)";
				FRAMEWORK_SEARCH_PATHS = (
					"$(SDKROOT)/Developer/Library/Frameworks",
					"$(inherited)",
				);
				GCC_PREPROCESSOR_DEFINITIONS = (
					"DEBUG=1",
					"$(inherited)",
				);
				INFOPLIST_FILE = "透明的tableViewTests/Info.plist";
				LD_RUNPATH_SEARCH_PATHS = "$(inherited) @executable_path/Frameworks @loader_path/Frameworks";
				PRODUCT_NAME = "$(TARGET_NAME)";
				TEST_HOST = "$(BUILT_PRODUCTS_DIR)/透明的tableView.app/透明的tableView";
			};
			name = Debug;
		};
		847568FC1BB427EB00DB9D5E /* Release */ = {
			isa = XCBuildConfiguration;
			buildSettings = {
				BUNDLE_LOADER = "$(TEST_HOST)";
				FRAMEWORK_SEARCH_PATHS = (
					"$(SDKROOT)/Developer/Library/Frameworks",
					"$(inherited)",
				);
				INFOPLIST_FILE = "透明的tableViewTests/Info.plist";
				LD_RUNPATH_SEARCH_PATHS = "$(inherited) @executable_path/Frameworks @loader_path/Frameworks";
				PRODUCT_NAME = "$(TARGET_NAME)";
				TEST_HOST = "$(BUILT_PRODUCTS_DIR)/透明的tableView.app/透明的tableView";
			};
			name = Release;
		};
/* End XCBuildConfiguration section */

/* Begin XCConfigurationList section */
		847568CF1BB427EB00DB9D5E /* Build configuration list for PBXProject "透明的tableView" */ = {
			isa = XCConfigurationList;
			buildConfigurations = (
				847568F51BB427EB00DB9D5E /* Debug */,
				847568F61BB427EB00DB9D5E /* Release */,
			);
			defaultConfigurationIsVisible = 0;
			defaultConfigurationName = Release;
		};
		847568F71BB427EB00DB9D5E /* Build configuration list for PBXNativeTarget "透明的tableView" */ = {
			isa = XCConfigurationList;
			buildConfigurations = (
				847568F81BB427EB00DB9D5E /* Debug */,
				847568F91BB427EB00DB9D5E /* Release */,
			);
			defaultConfigurationIsVisible = 0;
		};
		847568FA1BB427EB00DB9D5E /* Build configuration list for PBXNativeTarget "透明的tableViewTests" */ = {
			isa = XCConfigurationList;
			buildConfigurations = (
				847568FB1BB427EB00DB9D5E /* Debug */,
				847568FC1BB427EB00DB9D5E /* Release */,
			);
			defaultConfigurationIsVisible = 0;
		};
/* End XCConfigurationList section */
	};
	rootObject = 847568CC1BB427EB00DB9D5E /* Project object */;
}
